{
    "_readme": [
        "This file locks the dependencies of your project to a known state",
        "Read more about it at https://getcomposer.org/doc/01-basic-usage.md#composer-lock-the-lock-file",
        "This file is @generated automatically"
    ],
    "content-hash": "aa9e3dd90c2fcfa451dcf209c037a99d",
    "packages": [
        {
            "name": "bower-asset/backbone",
            "version": "1.1.2",
            "source": {
                "type": "git",
                "url": "https://github.com/jashkenas/backbone.git",
                "reference": "53f77901a4ea9c7cf75d3db93ddddf491998d90f"
            },
            "dist": {
                "type": "zip",
                "url": "https://api.github.com/repos/jashkenas/backbone/zipball/53f77901a4ea9c7cf75d3db93ddddf491998d90f",
                "reference": "53f77901a4ea9c7cf75d3db93ddddf491998d90f",
                "shasum": ""
            },
            "require": {
                "bower-asset/underscore": ">=1.5.0"
            },
            "type": "bower-asset-library",
            "extra": {
                "bower-asset-main": "backbone.js",
                "bower-asset-ignore": [
                    "backbone-min.js",
                    "docs",
                    "examples",
                    "test",
                    "*.yml",
                    "*.map",
                    ".html",
                    "*.ico"
                ]
            },
            "time": "2014-02-20T21:34:01+00:00"
        },
        {
            "name": "bower-asset/deep-diff",
            "version": "v0.3.8",
            "source": {
                "type": "git",
                "url": "https://github.com/flitbit/diff.git",
                "reference": "6c210c5129f97fb76e918cfe1c052c0173929bbd"
            },
            "dist": {
                "type": "zip",
                "url": "https://api.github.com/repos/flitbit/diff/zipball/6c210c5129f97fb76e918cfe1c052c0173929bbd",
                "reference": "6c210c5129f97fb76e918cfe1c052c0173929bbd",
                "shasum": ""
            },
            "type": "bower-asset-library",
            "extra": {
                "bower-asset-main": "index.js",
                "bower-asset-ignore": [
                    "**/.*",
                    "node_modules",
                    "bower_components",
                    "app/bower_components",
                    "build",
                    "components",
                    "component.json",
                    "test",
                    "tests"
                ]
            },
            "license": [
                "MIT"
            ],
            "description": "Javascript utility for calculating deep difference, capturing changes, and applying changes across objects; for nodejs and the browser.",
            "keywords": [
                "change-tracking",
                "compare",
                "diff",
                "difference"
            ],
            "time": "2017-05-03T14:50:52+00:00"
        },
        {
            "name": "bower-asset/jquery",
            "version": "3.3.1",
            "source": {
                "type": "git",
                "url": "https://github.com/jquery/jquery-dist.git",
                "reference": "9e8ec3d10fad04748176144f108d7355662ae75e"
            },
            "dist": {
                "type": "zip",
                "url": "https://api.github.com/repos/jquery/jquery-dist/zipball/9e8ec3d10fad04748176144f108d7355662ae75e",
                "reference": "9e8ec3d10fad04748176144f108d7355662ae75e",
                "shasum": ""
            },
            "type": "bower-asset-library",
            "extra": {
                "bower-asset-main": "dist/jquery.js",
                "bower-asset-ignore": [
                    "package.json"
                ]
            },
            "license": [
                "MIT"
            ],
            "keywords": [
                "browser",
                "javascript",
                "jquery",
                "library"
            ],
            "time": "2018-01-20T17:26:57+00:00"
        },
        {
            "name": "bower-asset/jquery-jsonview",
            "version": "v1.2.3",
            "source": {
                "type": "git",
                "url": "https://github.com/yesmeck/jquery-jsonview.git",
                "reference": "91fa8515ff3206009f7469840ca2f7f66d774a1f"
            },
            "dist": {
                "type": "zip",
                "url": "https://api.github.com/repos/yesmeck/jquery-jsonview/zipball/91fa8515ff3206009f7469840ca2f7f66d774a1f",
                "reference": "91fa8515ff3206009f7469840ca2f7f66d774a1f",
                "shasum": ""
            },
            "require": {
                "bower-asset/jquery": "*"
            },
            "type": "bower-asset-library",
            "extra": {
                "bower-asset-main": "dist/jquery.jsonview.js",
                "bower-asset-ignore": [
                    "node_modules",
                    "bower_components",
                    "test",
                    "tests"
                ]
            },
            "license": [
                "MIT"
            ],
            "description": "jQuery plugin for display pretty JSON.",
            "keywords": [
                "json"
            ],
            "time": "2015-11-09T08:21:04+00:00"
        },
        {
            "name": "bower-asset/js-xlsx",
            "version": "v0.8.0",
            "source": {
                "type": "git",
                "url": "https://github.com/SheetJS/js-xlsx.git",
                "reference": "53f7f6d9446ccd680c9b13992d6dcdccde49a8f6"
            },
            "dist": {
                "type": "zip",
                "url": "https://api.github.com/repos/SheetJS/js-xlsx/zipball/53f7f6d9446ccd680c9b13992d6dcdccde49a8f6",
                "reference": "53f7f6d9446ccd680c9b13992d6dcdccde49a8f6",
                "shasum": ""
            },
            "type": "bower-asset-library",
            "extra": {
                "bower-asset-main": "dist/xlsx.js",
                "bower-asset-ignore": [
                    "bin",
                    "bits",
                    "misc",
                    "**/.*"
                ]
            },
            "keywords": [
                "excel",
                "js-xls",
                "js-xlsx",
                "ods",
                "xls",
                "xlsb",
                "xlsm",
                "xlsx",
                "xml"
            ],
            "time": "2015-04-03T14:34:42+00:00"
        },
        {
            "name": "bower-asset/leaflet",
            "version": "v1.0.3",
            "source": {
                "type": "git",
                "url": "https://github.com/Leaflet/Leaflet.git",
                "reference": "ed36a04aefd12cb92c78074fe63a8e460db1d464"
            },
            "dist": {
                "type": "zip",
                "url": "https://api.github.com/repos/Leaflet/Leaflet/zipball/ed36a04aefd12cb92c78074fe63a8e460db1d464",
                "reference": "ed36a04aefd12cb92c78074fe63a8e460db1d464",
                "shasum": ""
            },
            "type": "bower-asset-library",
            "extra": {
                "bower-asset-main": [
                    "dist/leaflet.css",
                    "dist/leaflet-src.js"
                ],
                "bower-asset-ignore": [
                    ".*",
                    "CHANGELOG.json",
                    "FAQ.md",
                    "debug",
                    "spec",
                    "src",
                    "build"
                ]
            },
            "license": [
                "BSD-2-Clause"
            ],
            "description": "JavaScript library for mobile-friendly interactive maps",
            "time": "2017-01-23T11:10:35+00:00"
        },
        {
            "name": "bower-asset/leaflet.markercluster",
            "version": "v1.0.0",
            "source": {
                "type": "git",
                "url": "https://github.com/Leaflet/Leaflet.markercluster.git",
                "reference": "eb922a3646d2e1ef9ed9de99e20200709f1f9bb5"
            },
            "dist": {
                "type": "zip",
                "url": "https://api.github.com/repos/Leaflet/Leaflet.markercluster/zipball/eb922a3646d2e1ef9ed9de99e20200709f1f9bb5",
                "reference": "eb922a3646d2e1ef9ed9de99e20200709f1f9bb5",
                "shasum": ""
            },
            "require": {
                "bower-asset/leaflet": ">=1.0.0"
            },
            "type": "bower-asset-library",
            "extra": {
                "bower-asset-main": [
                    "dist/leaflet.markercluster-src.js",
                    "dist/MarkerCluster.css",
                    "dist/MarkerCluster.Default.css"
                ],
                "bower-asset-ignore": [
                    "**/.*",
                    "node_modules",
                    "bower_components",
                    "example",
                    "spec",
                    "test",
                    "tests"
                ]
            },
            "license": [
                "MIT"
            ],
            "description": "Marker Clustering plugin for Leaflet.",
            "time": "2016-10-02T22:12:24+00:00"
        },
        {
            "name": "bower-asset/moment",
            "version": "2.9.0",
            "source": {
                "type": "git",
                "url": "https://github.com/moment/moment.git",
                "reference": "94ad539f965689289af54b6493abca0a65ab4ce6"
            },
            "dist": {
                "type": "zip",
                "url": "https://api.github.com/repos/moment/moment/zipball/94ad539f965689289af54b6493abca0a65ab4ce6",
                "reference": "94ad539f965689289af54b6493abca0a65ab4ce6",
                "shasum": ""
            },
            "type": "bower-asset-library",
            "extra": {
                "bower-asset-main": "moment.js",
                "bower-asset-ignore": [
                    "**/.*",
                    "node_modules",
                    "bower_components",
                    "test",
                    "tests",
                    "tasks",
                    "component.json",
                    "composer.json",
                    "CONTRIBUTING.md",
                    "ender.js",
                    "Gruntfile.js",
                    "package.js",
                    "package.json"
                ]
            },
            "time": "2015-01-02T15:19:08+00:00"
        },
        {
            "name": "bower-asset/mustache",
            "version": "v1.0.0",
            "source": {
                "type": "git",
                "url": "https://github.com/janl/mustache.js.git",
                "reference": "2ba7481d41e356869dc2db695ccc4a0cf3ce38cd"
            },
            "dist": {
                "type": "zip",
                "url": "https://api.github.com/repos/janl/mustache.js/zipball/2ba7481d41e356869dc2db695ccc4a0cf3ce38cd",
                "reference": "2ba7481d41e356869dc2db695ccc4a0cf3ce38cd",
                "shasum": ""
            },
            "type": "bower-asset-library",
            "extra": {
                "bower-asset-main": "mustache.js",
                "bower-asset-ignore": [
                    "**/.*",
                    "test"
                ]
            },
            "license": [
                "MIT"
            ],
            "description": "Logic-less {{mustache}} templates with JavaScript",
            "keywords": [
                "ejs",
                "mustache",
                "template",
                "templates"
            ],
            "time": "2014-12-20T15:57:32+00:00"
        },
        {
            "name": "bower-asset/underscore",
            "version": "1.8.3",
            "source": {
                "type": "git",
                "url": "https://github.com/jashkenas/underscore.git",
                "reference": "e4743ab712b8ab42ad4ccb48b155034d02394e4d"
            },
            "dist": {
                "type": "zip",
                "url": "https://api.github.com/repos/jashkenas/underscore/zipball/e4743ab712b8ab42ad4ccb48b155034d02394e4d",
                "reference": "e4743ab712b8ab42ad4ccb48b155034d02394e4d",
                "shasum": ""
            },
            "type": "bower-asset-library",
            "extra": {
                "bower-asset-main": "underscore.js",
                "bower-asset-ignore": [
                    "docs",
                    "test",
                    "*.yml",
                    "CNAME",
                    "index.html",
                    "favicon.ico",
                    "CONTRIBUTING.md",
                    ".*",
                    "component.json",
                    "package.json",
                    "karma.*"
                ]
            },
            "keywords": [
                "browser",
                "client",
                "functional",
                "server",
                "util"
            ],
            "time": "2015-04-02T15:32:01+00:00"
        },
        {
            "name": "composer/installers",
            "version": "v1.5.0",
            "source": {
                "type": "git",
                "url": "https://github.com/composer/installers.git",
                "reference": "049797d727261bf27f2690430d935067710049c2"
            },
            "dist": {
                "type": "zip",
                "url": "https://api.github.com/repos/composer/installers/zipball/049797d727261bf27f2690430d935067710049c2",
                "reference": "049797d727261bf27f2690430d935067710049c2",
                "shasum": ""
            },
            "require": {
                "composer-plugin-api": "^1.0"
            },
            "replace": {
                "roundcube/plugin-installer": "*",
                "shama/baton": "*"
            },
            "require-dev": {
                "composer/composer": "1.0.*@dev",
                "phpunit/phpunit": "^4.8.36"
            },
            "type": "composer-plugin",
            "extra": {
                "class": "Composer\\Installers\\Plugin",
                "branch-alias": {
                    "dev-master": "1.0-dev"
                }
            },
            "autoload": {
                "psr-4": {
                    "Composer\\Installers\\": "src/Composer/Installers"
                }
            },
            "notification-url": "https://packagist.org/downloads/",
            "license": [
                "MIT"
            ],
            "authors": [
                {
                    "name": "Kyle Robinson Young",
                    "email": "kyle@dontkry.com",
                    "homepage": "https://github.com/shama"
                }
            ],
            "description": "A multi-framework Composer library installer",
            "homepage": "https://composer.github.io/installers/",
            "keywords": [
                "Craft",
                "Dolibarr",
                "Eliasis",
                "Hurad",
                "ImageCMS",
                "Kanboard",
                "Lan Management System",
                "MODX Evo",
                "Mautic",
                "Maya",
                "OXID",
                "Plentymarkets",
                "Porto",
                "RadPHP",
                "SMF",
                "Thelia",
                "WolfCMS",
                "agl",
                "aimeos",
                "annotatecms",
                "attogram",
                "bitrix",
                "cakephp",
                "chef",
                "cockpit",
                "codeigniter",
                "concrete5",
                "croogo",
                "dokuwiki",
                "drupal",
                "eZ Platform",
                "elgg",
                "expressionengine",
                "fuelphp",
                "grav",
                "installer",
                "itop",
                "joomla",
                "kohana",
                "laravel",
                "lavalite",
                "lithium",
                "magento",
                "majima",
                "mako",
                "mediawiki",
                "modulework",
                "modx",
                "moodle",
                "osclass",
                "phpbb",
                "piwik",
                "ppi",
                "puppet",
                "pxcms",
                "reindex",
                "roundcube",
                "shopware",
                "silverstripe",
                "sydes",
                "symfony",
                "typo3",
                "wordpress",
                "yawik",
                "zend",
                "zikula"
            ],
            "time": "2017-12-29T09:13:20+00:00"
        },
        {
            "name": "fxp/composer-asset-plugin",
            "version": "v1.4.2",
            "source": {
                "type": "git",
                "url": "https://github.com/fxpio/composer-asset-plugin.git",
                "reference": "61352d99940d2b2392a5d2db83b8c0ef5faf222a"
            },
            "dist": {
                "type": "zip",
                "url": "https://api.github.com/repos/fxpio/composer-asset-plugin/zipball/61352d99940d2b2392a5d2db83b8c0ef5faf222a",
                "reference": "61352d99940d2b2392a5d2db83b8c0ef5faf222a",
                "shasum": ""
            },
            "require": {
                "composer-plugin-api": "^1.0",
                "php": ">=5.3.3"
            },
            "require-dev": {
                "composer/composer": "^1.4.0"
            },
            "type": "composer-plugin",
            "extra": {
                "class": "Fxp\\Composer\\AssetPlugin\\FxpAssetPlugin",
                "branch-alias": {
                    "dev-master": "1.4-dev"
                }
            },
            "autoload": {
                "psr-4": {
                    "Fxp\\Composer\\AssetPlugin\\": ""
                },
                "exclude-from-classmap": [
                    "/Tests/"
                ]
            },
            "notification-url": "https://packagist.org/downloads/",
            "license": [
                "MIT"
            ],
            "authors": [
                {
                    "name": "François Pluchino",
                    "email": "francois.pluchino@gmail.com"
                }
            ],
            "description": "NPM/Bower Dependency Manager for Composer",
            "homepage": "https://github.com/fxpio/composer-asset-plugin",
            "keywords": [
                "asset",
                "bower",
                "composer",
                "dependency manager",
                "nodejs",
                "npm",
                "package"
            ],
            "time": "2017-10-20T06:53:56+00:00"
        },
        {
            "name": "library/recline",
            "version": "1.0",
            "source": {
                "type": "git",
                "url": "https://github.com/NuCivic/recline.js.git",
                "reference": "master"
            },
            "type": "drupal-library"
        },
        {
            "name": "library/recline_deeplink",
            "version": "1.0",
            "source": {
                "type": "git",
                "url": "https://github.com/NuCivic/recline-deeplink.git",
                "reference": "c1695d669f8314ed8b66e5907eb4f1bc4a8a9495"
            },
            "type": "drupal-library"
        },
        {
            "name": "library/xls",
            "version": "1.0",
            "source": {
                "type": "git",
                "url": "https://github.com/NuCivic/recline.backend.xlsx",
                "reference": "a5d49f7305895f147c3e9a12115c2456a897f941"
            },
            "type": "drupal-library"
        },
        {
            "name": "mnsami/composer-custom-directory-installer",
            "version": "1.1.1",
            "source": {
                "type": "git",
                "url": "https://github.com/mnsami/composer-custom-directory-installer.git",
                "reference": "8cc82e0c5801cc3bf53ba452afdcaa5c6ff645a5"
            },
            "dist": {
                "type": "zip",
                "url": "https://api.github.com/repos/mnsami/composer-custom-directory-installer/zipball/8cc82e0c5801cc3bf53ba452afdcaa5c6ff645a5",
                "reference": "8cc82e0c5801cc3bf53ba452afdcaa5c6ff645a5",
                "shasum": ""
            },
            "require": {
                "composer-plugin-api": "^1.0",
                "php": ">=5.3"
            },
            "type": "composer-plugin",
            "extra": {
                "class": [
                    "Composer\\CustomDirectoryInstaller\\LibraryPlugin",
                    "Composer\\CustomDirectoryInstaller\\PearPlugin",
                    "Composer\\CustomDirectoryInstaller\\PluginPlugin"
                ],
                "branch-alias": {
                    "dev-master": "1.1.x-dev"
                }
            },
            "autoload": {
                "psr-0": {
                    "Composer\\CustomDirectoryInstaller": "src/"
                }
            },
            "notification-url": "https://packagist.org/downloads/",
            "license": [
                "MIT"
            ],
            "authors": [
                {
                    "name": "Mina Nabil Sami",
                    "email": "mina.nsami@gmail.com"
                }
            ],
            "description": "A composer plugin, to help install packages of different types in custom paths.",
            "keywords": [
                "composer",
                "composer-installer",
                "composer-plugin"
            ],
            "time": "2016-05-25T08:26:02+00:00"
        },
        {
            "name": "npm-asset/csv.js",
            "version": "1.0.4",
            "dist": {
                "type": "tar",
                "url": "https://registry.npmjs.org/csv.js/-/csv.js-1.0.4.tgz",
                "reference": null,
                "shasum": "3eb8b6c34b00def7c65fd7f80301a3bbfb28baec"
            },
            "require-dev": {
                "npm-asset/babel-preset-es2015": "~6.22.0",
                "npm-asset/grunt": "~1.0.1",
                "npm-asset/grunt-babel": "~6.0.0",
                "npm-asset/grunt-cli": "~1.2.0",
                "npm-asset/grunt-contrib-concat": "~1.0.1",
                "npm-asset/grunt-contrib-nodeunit": "~1.0.0",
                "npm-asset/grunt-contrib-uglify": "~2.0.0",
                "npm-asset/grunt-contrib-watch": "~1.0.0",
                "npm-asset/grunt-eslint": "~19.0.0",
                "npm-asset/grunt-replace": "~1.0.1"
            },
            "type": "npm-asset-library",
            "extra": {
                "npm-asset-bugs": {
                    "url": "https://github.com/avoidwork/csv.js/issues"
                },
                "npm-asset-main": "lib/csv",
                "npm-asset-directories": [],
                "npm-asset-repository": {
                    "type": "git",
                    "url": "git://github.com/avoidwork/csv.js.git"
                },
                "npm-asset-scripts": {
                    "test": "grunt test"
                },
                "npm-asset-engines": {
                    "node": ">= 0.4.0"
                }
            },
            "license": [
                "BSD-3-Clause"
            ],
            "authors": [
                {
                    "name": "Jason Mulligan",
                    "email": "jason.mulligan@avoidwork.com"
                }
            ],
            "description": "Simplify encoding & decoding CSV",
            "homepage": "https://github.com/avoidwork/csv.js",
            "keywords": [
                "array",
                "csv",
                "decode",
                "encode",
                "json",
                "object",
                "transform",
                "tsv"
            ],
            "time": "2017-12-11T13:27:56+00:00"
        },
        {
            "name": "npm-asset/flot",
            "version": "v0.8.1",
            "source": {
                "type": "git",
                "url": "https://github.com/flot/flot.git",
                "reference": "7f5f90384ed6d6c30b232580d358c84e355919ab"
            },
            "dist": {
                "type": "zip",
                "url": "https://api.github.com/repos/flot/flot/zipball/7f5f90384ed6d6c30b232580d358c84e355919ab",
                "reference": "7f5f90384ed6d6c30b232580d358c84e355919ab",
                "shasum": ""
            },
            "require-dev": {
                "npm-asset/jshint": "0.9.1"
            },
            "type": "npm-asset-library",
            "extra": {
                "npm-asset-main": "jquery.flot.js",
                "npm-asset-scripts": {
                    "test": "make test"
                }
            },
            "time": "2013-05-22T12:17:57+00:00"
        },
        {
            "name": "npm-asset/lodash",
            "version": "2.4.1",
            "dist": {
                "type": "tar",
                "url": "https://registry.npmjs.org/lodash/-/lodash-2.4.1.tgz",
                "reference": null,
                "shasum": "5b7723034dda4d262e5a46fb2c58d7cc22f71420"
            },
            "type": "npm-asset-library",
            "extra": {
                "npm-asset-bugs": {
                    "url": "https://github.com/lodash/lodash/issues"
                },
                "npm-asset-files": [
                    "LICENSE.txt",
                    "lodash.js",
                    "dist/lodash.js",
                    "dist/lodash.min.js",
                    "dist/lodash.compat.js",
                    "dist/lodash.compat.min.js",
                    "dist/lodash.underscore.js",
                    "dist/lodash.underscore.min.js"
                ],
                "npm-asset-main": "dist/lodash.js",
                "npm-asset-directories": [],
                "npm-asset-repository": {
                    "type": "git",
                    "url": "https://github.com/lodash/lodash.git"
                },
                "npm-asset-engines": [
                    "node",
                    "rhino"
                ]
            },
            "license": [
                "MIT"
            ],
            "authors": [
                {
                    "name": "John-David Dalton",
                    "email": "john.david.dalton@gmail.com",
                    "url": "http://allyoucanleet.com/"
                },
                {
                    "name": "John-David Dalton",
                    "email": "john.david.dalton@gmail.com",
                    "url": "http://allyoucanleet.com/"
                },
                {
                    "name": "Blaine Bublitz",
                    "email": "blaine@iceddev.com",
                    "url": "http://www.iceddev.com/"
                },
                {
                    "name": "Kit Cambridge",
                    "email": "github@kitcambridge.be",
                    "url": "http://kitcambridge.be/"
                },
                {
                    "name": "Mathias Bynens",
                    "email": "mathias@qiwi.be",
                    "url": "http://mathiasbynens.be/"
                }
            ],
            "description": "A utility library delivering consistency, customization, performance, & extras.",
            "homepage": "http://lodash.com/",
            "keywords": [
                "amd",
                "browser",
                "client",
                "customize",
                "functional",
                "server",
                "util"
            ],
            "time": "2013-12-03T16:51:12+00:00"
        }
    ],
    "packages-dev": [],
    "aliases": [],
    "minimum-stability": "stable",
    "stability-flags": [],
    "prefer-stable": false,
    "prefer-lowest": false,
    "platform": [],
    "platform-dev": []
}
