{
    "_readme": [
        "This file locks the dependencies of your project to a known state",
        "Read more about it at https://getcomposer.org/doc/01-basic-usage.md#composer-lock-the-lock-file",
        "This file is @generated automatically"
    ],
    "content-hash": "8fbb0b3bce342bb09e92f88b3d4e751a",
    "packages": [
        {
            "name": "composer/installers",
            "version": "v1.5.0",
            "source": {
                "type": "git",
                "url": "https://github.com/composer/installers.git",
                "reference": "049797d727261bf27f2690430d935067710049c2"
            },
            "dist": {
                "type": "zip",
                "url": "https://api.github.com/repos/composer/installers/zipball/049797d727261bf27f2690430d935067710049c2",
                "reference": "049797d727261bf27f2690430d935067710049c2",
                "shasum": ""
            },
            "require": {
                "composer-plugin-api": "^1.0"
            },
            "replace": {
                "roundcube/plugin-installer": "*",
                "shama/baton": "*"
            },
            "require-dev": {
                "composer/composer": "1.0.*@dev",
                "phpunit/phpunit": "^4.8.36"
            },
            "type": "composer-plugin",
            "extra": {
                "class": "Composer\\Installers\\Plugin",
                "branch-alias": {
                    "dev-master": "1.0-dev"
                }
            },
            "autoload": {
                "psr-4": {
                    "Composer\\Installers\\": "src/Composer/Installers"
                }
            },
            "notification-url": "https://packagist.org/downloads/",
            "license": [
                "MIT"
            ],
            "authors": [
                {
                    "name": "Kyle Robinson Young",
                    "email": "kyle@dontkry.com",
                    "homepage": "https://github.com/shama"
                }
            ],
            "description": "A multi-framework Composer library installer",
            "homepage": "https://composer.github.io/installers/",
            "keywords": [
                "Craft",
                "Dolibarr",
                "Eliasis",
                "Hurad",
                "ImageCMS",
                "Kanboard",
                "Lan Management System",
                "MODX Evo",
                "Mautic",
                "Maya",
                "OXID",
                "Plentymarkets",
                "Porto",
                "RadPHP",
                "SMF",
                "Thelia",
                "WolfCMS",
                "agl",
                "aimeos",
                "annotatecms",
                "attogram",
                "bitrix",
                "cakephp",
                "chef",
                "cockpit",
                "codeigniter",
                "concrete5",
                "croogo",
                "dokuwiki",
                "drupal",
                "eZ Platform",
                "elgg",
                "expressionengine",
                "fuelphp",
                "grav",
                "installer",
                "itop",
                "joomla",
                "kohana",
                "laravel",
                "lavalite",
                "lithium",
                "magento",
                "majima",
                "mako",
                "mediawiki",
                "modulework",
                "modx",
                "moodle",
                "osclass",
                "phpbb",
                "piwik",
                "ppi",
                "puppet",
                "pxcms",
                "reindex",
                "roundcube",
                "shopware",
                "silverstripe",
                "sydes",
                "symfony",
                "typo3",
                "wordpress",
                "yawik",
                "zend",
                "zikula"
            ],
            "time": "2017-12-29T09:13:20+00:00"
        },
        {
            "name": "fxp/composer-asset-plugin",
            "version": "v1.4.2",
            "source": {
                "type": "git",
                "url": "https://github.com/fxpio/composer-asset-plugin.git",
                "reference": "61352d99940d2b2392a5d2db83b8c0ef5faf222a"
            },
            "dist": {
                "type": "zip",
                "url": "https://api.github.com/repos/fxpio/composer-asset-plugin/zipball/61352d99940d2b2392a5d2db83b8c0ef5faf222a",
                "reference": "61352d99940d2b2392a5d2db83b8c0ef5faf222a",
                "shasum": ""
            },
            "require": {
                "composer-plugin-api": "^1.0",
                "php": ">=5.3.3"
            },
            "require-dev": {
                "composer/composer": "^1.4.0"
            },
            "type": "composer-plugin",
            "extra": {
                "class": "Fxp\\Composer\\AssetPlugin\\FxpAssetPlugin",
                "branch-alias": {
                    "dev-master": "1.4-dev"
                }
            },
            "autoload": {
                "psr-4": {
                    "Fxp\\Composer\\AssetPlugin\\": ""
                },
                "exclude-from-classmap": [
                    "/Tests/"
                ]
            },
            "notification-url": "https://packagist.org/downloads/",
            "license": [
                "MIT"
            ],
            "authors": [
                {
                    "name": "François Pluchino",
                    "email": "francois.pluchino@gmail.com"
                }
            ],
            "description": "NPM/Bower Dependency Manager for Composer",
            "homepage": "https://github.com/fxpio/composer-asset-plugin",
            "keywords": [
                "asset",
                "bower",
                "composer",
                "dependency manager",
                "nodejs",
                "npm",
                "package"
            ],
            "time": "2017-10-20T06:53:56+00:00"
        },
        {
            "name": "library/backbone",
            "version": "1.0",
            "source": {
                "type": "git",
                "url": "https://github.com/jashkenas/backbone.git",
                "reference": "e109f6d3e7a366f933f1f34405ca97effecae6c5"
            },
            "type": "drupal-library"
        },
        {
            "name": "library/csv",
            "version": "1.0",
            "source": {
                "type": "git",
                "url": "https://github.com/okfn/csv.js.git",
                "reference": "7150de4c8d5e02626ac6a7fb9c178e955c964faf"
            },
            "type": "drupal-library"
        },
        {
            "name": "library/deep_diff",
            "version": "1.0",
            "source": {
                "type": "git",
                "url": "https://github.com/flitbit/diff.git",
                "reference": "07e91c624e5016be5c5c6560a9eabe49ef3ba2d0"
            },
            "type": "drupal-library"
        },
        {
            "name": "library/flot",
            "version": "1.0",
            "source": {
                "type": "git",
                "url": "https://github.com/flot/flot.git",
                "reference": "7f5f90384ed6d6c30b232580d358c84e355919ab"
            },
            "type": "drupal-library"
        },
        {
            "name": "library/jsonview",
            "version": "1.0",
            "source": {
                "type": "git",
                "url": "https://github.com/yesmeck/jquery-jsonview.git",
                "reference": "84fb68cc25e4749d2adf5af8dc3adefd80b4c430"
            },
            "type": "drupal-library"
        },
        {
            "name": "library/jsxlsx",
            "version": "1.0",
            "source": {
                "type": "git",
                "url": "https://github.com/SheetJS/js-xlsx",
                "reference": "53f7f6d9446ccd680c9b13992d6dcdccde49a8f6"
            },
            "type": "drupal-library"
        },
        {
            "name": "library/leaflet",
            "version": "1.0",
            "source": {
                "type": "git",
                "url": "https://github.com/NuCivic/Leaflet.git",
                "reference": "v1.0.2-alt-marker-shadow-5258"
            },
            "type": "drupal-library"
        },
        {
            "name": "library/leaflet_markercluster",
            "version": "1.0",
            "source": {
                "type": "git",
                "url": "https://github.com/Leaflet/Leaflet.markercluster.git",
                "reference": "eb922a3646d2e1ef9ed9de99e20200709f1f9bb5"
            },
            "type": "drupal-library"
        },
        {
            "name": "library/lodash",
            "version": "1.0",
            "source": {
                "type": "git",
                "url": "https://github.com/lodash/lodash.git",
                "reference": "e21e993729861a2bc1d01c858cfabce7a27d2861"
            },
            "type": "drupal-library"
        },
        {
            "name": "library/moment",
            "version": "1.0",
            "source": {
                "type": "git",
                "url": "https://github.com/moment/moment.git",
                "reference": "78a53b8cb53e967c6dac2e7325e18da2a472fc2d"
            },
            "type": "drupal-library"
        },
        {
            "name": "library/mustache",
            "version": "1.0",
            "source": {
                "type": "git",
                "url": "https://github.com/janl/mustache.js.git",
                "reference": "d4ba5a19d4d04b139bbf7840fe342bb43930aee3"
            },
            "type": "drupal-library"
        },
        {
            "name": "library/recline",
            "version": "1.0",
            "source": {
                "type": "git",
                "url": "https://github.com/NuCivic/recline.js.git",
                "reference": "master"
            },
            "type": "drupal-library"
        },
        {
            "name": "library/recline_deeplink",
            "version": "1.0",
            "source": {
                "type": "git",
                "url": "https://github.com/NuCivic/recline-deeplink.git",
                "reference": "c1695d669f8314ed8b66e5907eb4f1bc4a8a9495"
            },
            "type": "drupal-library"
        },
        {
            "name": "library/slickgrid",
            "version": "1.0",
            "source": {
                "type": "git",
                "url": "https://github.com/mleibman/SlickGrid.git",
                "reference": "e004912b5ce29ac0d0cb04df50fe66db5e3af9ea"
            },
            "type": "drupal-library"
        },
        {
            "name": "library/xls",
            "version": "1.0",
            "source": {
                "type": "git",
                "url": "https://github.com/NuCivic/recline.backend.xlsx",
                "reference": "a5d49f7305895f147c3e9a12115c2456a897f941"
            },
            "type": "drupal-library"
        },
        {
            "name": "npm-asset/lodash",
            "version": "2.4.1",
            "dist": {
                "type": "tar",
                "url": "https://registry.npmjs.org/lodash/-/lodash-2.4.1.tgz",
                "reference": null,
                "shasum": "5b7723034dda4d262e5a46fb2c58d7cc22f71420"
            },
            "type": "npm-asset-library",
            "extra": {
                "npm-asset-bugs": {
                    "url": "https://github.com/lodash/lodash/issues"
                },
                "npm-asset-files": [
                    "LICENSE.txt",
                    "lodash.js",
                    "dist/lodash.js",
                    "dist/lodash.min.js",
                    "dist/lodash.compat.js",
                    "dist/lodash.compat.min.js",
                    "dist/lodash.underscore.js",
                    "dist/lodash.underscore.min.js"
                ],
                "npm-asset-main": "dist/lodash.js",
                "npm-asset-directories": [],
                "npm-asset-repository": {
                    "type": "git",
                    "url": "https://github.com/lodash/lodash.git"
                },
                "npm-asset-engines": [
                    "node",
                    "rhino"
                ]
            },
            "license": [
                "MIT"
            ],
            "authors": [
                {
                    "name": "John-David Dalton",
                    "email": "john.david.dalton@gmail.com",
                    "url": "http://allyoucanleet.com/"
                },
                {
                    "name": "John-David Dalton",
                    "email": "john.david.dalton@gmail.com",
                    "url": "http://allyoucanleet.com/"
                },
                {
                    "name": "Blaine Bublitz",
                    "email": "blaine@iceddev.com",
                    "url": "http://www.iceddev.com/"
                },
                {
                    "name": "Kit Cambridge",
                    "email": "github@kitcambridge.be",
                    "url": "http://kitcambridge.be/"
                },
                {
                    "name": "Mathias Bynens",
                    "email": "mathias@qiwi.be",
                    "url": "http://mathiasbynens.be/"
                }
            ],
            "description": "A utility library delivering consistency, customization, performance, & extras.",
            "homepage": "http://lodash.com/",
            "keywords": [
                "amd",
                "browser",
                "client",
                "customize",
                "functional",
                "server",
                "util"
            ],
            "time": "2013-12-03T16:51:12+00:00"
        }
    ],
    "packages-dev": [],
    "aliases": [],
    "minimum-stability": "stable",
    "stability-flags": [],
    "prefer-stable": false,
    "prefer-lowest": false,
    "platform": [],
    "platform-dev": []
}
